
Microsoft Visual Studio Solution File, Format Version 12.00
# Visual Studio Version 16
VisualStudioVersion = 16.0.28803.156
MinimumVisualStudioVersion = 10.0.40219.1
Project("{9A19103F-16F7-4668-BE54-9A1E7A4F7556}") = "PetFinder", "PetFinder\PetFinder.csproj", "{7EDC625F-5E3D-48F3-8750-A2DE88068C8A}"
EndProject
Project("{9A19103F-16F7-4668-BE54-9A1E7A4F7556}") = "PetFinder.Core", "PetFinder.Core\PetFinder.Core.csproj", "{A5355203-C472-4CBD-808B-2DB56FB94959}"
EndProject
Project("{FAE04EC0-301F-11D3-BF4B-00C04F79EFBC}") = "PetFinder.Service", "PetFinder.Service\PetFinder.Service.csproj", "{641651B6-7948-4AD2-A8DC-27499788EAB6}"
EndProject
Global
	GlobalSection(SolutionConfigurationPlatforms) = preSolution
		Debug|Any CPU = Debug|Any CPU
		Release|Any CPU = Release|Any CPU
	EndGlobalSection
	GlobalSection(ProjectConfigurationPlatforms) = postSolution
		{7EDC625F-5E3D-48F3-8750-A2DE88068C8A}.Debug|Any CPU.ActiveCfg = Debug|Any CPU
		{7EDC625F-5E3D-48F3-8750-A2DE88068C8A}.Debug|Any CPU.Build.0 = Debug|Any CPU
		{7EDC625F-5E3D-48F3-8750-A2DE88068C8A}.Release|Any CPU.ActiveCfg = Release|Any CPU
		{7EDC625F-5E3D-48F3-8750-A2DE88068C8A}.Release|Any CPU.Build.0 = Release|Any CPU
		{A5355203-C472-4CBD-808B-2DB56FB94959}.Debug|Any CPU.ActiveCfg = Debug|Any CPU
		{A5355203-C472-4CBD-808B-2DB56FB94959}.Debug|Any CPU.Build.0 = Debug|Any CPU
		{A5355203-C472-4CBD-808B-2DB56FB94959}.Release|Any CPU.ActiveCfg = Release|Any CPU
		{A5355203-C472-4CBD-808B-2DB56FB94959}.Release|Any CPU.Build.0 = Release|Any CPU
		{641651B6-7948-4AD2-A8DC-27499788EAB6}.Debug|Any CPU.ActiveCfg = Debug|Any CPU
		{641651B6-7948-4AD2-A8DC-27499788EAB6}.Debug|Any CPU.Build.0 = Debug|Any CPU
		{641651B6-7948-4AD2-A8DC-27499788EAB6}.Release|Any CPU.ActiveCfg = Release|Any CPU
		{641651B6-7948-4AD2-A8DC-27499788EAB6}.Release|Any CPU.Build.0 = Release|Any CPU
	EndGlobalSection
	GlobalSection(SolutionProperties) = preSolution
		HideSolutionNode = FALSE
	EndGlobalSection
	GlobalSection(ExtensibilityGlobals) = postSolution
		SolutionGuid = {A7F0220D-4810-49E8-9AC2-7D3EBE924309}
	EndGlobalSection
EndGlobal
